<?xml version="1.0" encoding="utf-8"?>
<Project ToolsVersion="4.0" xmlns="http://schemas.microsoft.com/developer/msbuild/2003">
  <ItemGroup>
    <Filter Include="源文件">
      <UniqueIdentifier>{4FC737F1-C7A5-4376-A066-2A32D752A2FF}</UniqueIdentifier>
      <Extensions>cpp;c;cc;cxx;def;odl;idl;hpj;bat;asm;asmx</Extensions>
    </Filter>
    <Filter Include="头文件">
      <UniqueIdentifier>{93995380-89BD-4b04-88EB-625FBE52EBFB}</UniqueIdentifier>
      <Extensions>h;hh;hpp;hxx;hm;inl;inc;xsd</Extensions>
    </Filter>
    <Filter Include="资源文件">
      <UniqueIdentifier>{67DA6AB6-F800-4c08-8B7A-83BB121AAD01}</UniqueIdentifier>
      <Extensions>rc;ico;cur;bmp;dlg;rc2;rct;bin;rgs;gif;jpg;jpeg;jpe;resx;tiff;tif;png;wav;mfcribbon-ms</Extensions>
    </Filter>
    <Filter Include="源文件\mdi">
      <UniqueIdentifier>{a811448e-b3fd-4b60-9d16-1ff3137146c2}</UniqueIdentifier>
    </Filter>
    <Filter Include="源文件\trade">
      <UniqueIdentifier>{1319018f-a39e-4f7c-9147-c48f15f60a77}</UniqueIdentifier>
    </Filter>
    <Filter Include="源文件\db">
      <UniqueIdentifier>{130a2bca-0cb6-415d-bdd1-de5e82840fe3}</UniqueIdentifier>
    </Filter>
  </ItemGroup>
  <ItemGroup>
    <ClCompile Include="..\src\main.cpp">
      <Filter>源文件</Filter>
    </ClCompile>
    <ClCompile Include="..\src\TickToKlineHelper.cpp">
      <Filter>源文件</Filter>
    </ClCompile>
    <ClCompile Include="..\src\StrategyTrade.cpp">
      <Filter>源文件</Filter>
    </ClCompile>
    <ClCompile Include="..\src\CustomMdSpi.cpp">
      <Filter>源文件\mdi</Filter>
    </ClCompile>
    <ClCompile Include="..\src\mdiMain.cpp">
      <Filter>源文件\mdi</Filter>
    </ClCompile>
    <ClCompile Include="..\src\CustomTradeSpi.cpp">
      <Filter>源文件\trade</Filter>
    </ClCompile>
    <ClCompile Include="..\src\tradeMain.cpp">
      <Filter>源文件\trade</Filter>
    </ClCompile>
    <ClCompile Include="..\src\MySQLOper.cpp">
      <Filter>源文件\db</Filter>
    </ClCompile>
    <ClCompile Include="..\src\testdb.cpp">
      <Filter>源文件\db</Filter>
    </ClCompile>
  </ItemGroup>
  <ItemGroup>
    <ClInclude Include="..\src\CustomMdSpi.h">
      <Filter>头文件</Filter>
    </ClInclude>
    <ClInclude Include="..\src\CustomTradeSpi.h">
      <Filter>头文件</Filter>
    </ClInclude>
    <ClInclude Include="..\src\TickToKlineHelper.h">
      <Filter>头文件</Filter>
    </ClInclude>
    <ClInclude Include="..\src\StrategyTrade.h">
      <Filter>头文件</Filter>
    </ClInclude>
    <ClInclude Include="..\src\constant.h">
      <Filter>头文件</Filter>
    </ClInclude>
    <ClInclude Include="..\src\MySQLOper.h">
      <Filter>头文件</Filter>
    </ClInclude>
  </ItemGroup>
</Project>